
Microsoft Visual Studio Solution File, Format Version 12.00
# Visual Studio Version 16
VisualStudioVersion = 16.0.30225.117
MinimumVisualStudioVersion = 10.0.40219.1
Project("{9A19103F-16F7-4668-BE54-9A1E7A4F7556}") = "FishShop", "FishShop.csproj", "{4331EAD9-C395-4155-9A5F-FFC2957ABD8F}"
EndProject
Project("{2150E333-8FDC-42A3-9474-1A3956D46DE8}") = "Solution Items", "Solution Items", "{C458585E-5873-4EA0-A0B2-8AD3339F0B29}"
	ProjectSection(SolutionItems) = preProject
		..\deploy\itch-prod-deploy.txt = ..\deploy\itch-prod-deploy.txt
	EndProjectSection
EndProject
Global
	GlobalSection(SolutionConfigurationPlatforms) = preSolution
		Debug|Any CPU = Debug|Any CPU
		Release|Any CPU = Release|Any CPU
	EndGlobalSection
	GlobalSection(ProjectConfigurationPlatforms) = postSolution
		{4331EAD9-C395-4155-9A5F-FFC2957ABD8F}.Debug|Any CPU.ActiveCfg = Debug|Any CPU
		{4331EAD9-C395-4155-9A5F-FFC2957ABD8F}.Debug|Any CPU.Build.0 = Debug|Any CPU
		{4331EAD9-C395-4155-9A5F-FFC2957ABD8F}.Release|Any CPU.ActiveCfg = Release|Any CPU
		{4331EAD9-C395-4155-9A5F-FFC2957ABD8F}.Release|Any CPU.Build.0 = Release|Any CPU
	EndGlobalSection
	GlobalSection(SolutionProperties) = preSolution
		HideSolutionNode = FALSE
	EndGlobalSection
	GlobalSection(ExtensibilityGlobals) = postSolution
		SolutionGuid = {63986FD3-7684-47B1-9D0B-1218BED99EAE}
	EndGlobalSection
EndGlobal
